
Microsoft Visual Studio Solution File, Format Version 12.00
# Visual Studio Version 16
VisualStudioVersion = 16.0.29025.244
MinimumVisualStudioVersion = 10.0.40219.1
Project("{9A19103F-16F7-4668-BE54-9A1E7A4F7556}") = "DesIntegrados.API", "DesIntegrados.API\DesIntegrados.API.csproj", "{DA95C5DD-A971-4A3F-816D-27A08B14CB0C}"
EndProject
Project("{9A19103F-16F7-4668-BE54-9A1E7A4F7556}") = "DesIntegrados.Models", "DesIntegrados.Models\DesIntegrados.Models.csproj", "{F48BEF54-BC1B-43CE-8D62-C47A32D8EF8A}"
EndProject
Project("{9A19103F-16F7-4668-BE54-9A1E7A4F7556}") = "DesIntegrados.Persistence", "DesIntegrados.Persistence\DesIntegrados.Persistence.csproj", "{74585CBD-9420-45FD-9691-FA683CEAD726}"
EndProject
Project("{00D1A9C2-B5F0-4AF3-8072-F6C62B433612}") = "Desintegrados.BD", "Desintegrados.BD\Desintegrados.BD.sqlproj", "{501189BF-4844-4863-A773-B1E52CBDC8DC}"
EndProject
Global
	GlobalSection(SolutionConfigurationPlatforms) = preSolution
		Debug|Any CPU = Debug|Any CPU
		Release|Any CPU = Release|Any CPU
	EndGlobalSection
	GlobalSection(ProjectConfigurationPlatforms) = postSolution
		{DA95C5DD-A971-4A3F-816D-27A08B14CB0C}.Debug|Any CPU.ActiveCfg = Debug|Any CPU
		{DA95C5DD-A971-4A3F-816D-27A08B14CB0C}.Debug|Any CPU.Build.0 = Debug|Any CPU
		{DA95C5DD-A971-4A3F-816D-27A08B14CB0C}.Release|Any CPU.ActiveCfg = Release|Any CPU
		{DA95C5DD-A971-4A3F-816D-27A08B14CB0C}.Release|Any CPU.Build.0 = Release|Any CPU
		{F48BEF54-BC1B-43CE-8D62-C47A32D8EF8A}.Debug|Any CPU.ActiveCfg = Debug|Any CPU
		{F48BEF54-BC1B-43CE-8D62-C47A32D8EF8A}.Debug|Any CPU.Build.0 = Debug|Any CPU
		{F48BEF54-BC1B-43CE-8D62-C47A32D8EF8A}.Release|Any CPU.ActiveCfg = Release|Any CPU
		{F48BEF54-BC1B-43CE-8D62-C47A32D8EF8A}.Release|Any CPU.Build.0 = Release|Any CPU
		{74585CBD-9420-45FD-9691-FA683CEAD726}.Debug|Any CPU.ActiveCfg = Debug|Any CPU
		{74585CBD-9420-45FD-9691-FA683CEAD726}.Debug|Any CPU.Build.0 = Debug|Any CPU
		{74585CBD-9420-45FD-9691-FA683CEAD726}.Release|Any CPU.ActiveCfg = Release|Any CPU
		{74585CBD-9420-45FD-9691-FA683CEAD726}.Release|Any CPU.Build.0 = Release|Any CPU
		{501189BF-4844-4863-A773-B1E52CBDC8DC}.Debug|Any CPU.ActiveCfg = Debug|Any CPU
		{501189BF-4844-4863-A773-B1E52CBDC8DC}.Debug|Any CPU.Build.0 = Debug|Any CPU
		{501189BF-4844-4863-A773-B1E52CBDC8DC}.Debug|Any CPU.Deploy.0 = Debug|Any CPU
		{501189BF-4844-4863-A773-B1E52CBDC8DC}.Release|Any CPU.ActiveCfg = Release|Any CPU
		{501189BF-4844-4863-A773-B1E52CBDC8DC}.Release|Any CPU.Build.0 = Release|Any CPU
		{501189BF-4844-4863-A773-B1E52CBDC8DC}.Release|Any CPU.Deploy.0 = Release|Any CPU
	EndGlobalSection
	GlobalSection(SolutionProperties) = preSolution
		HideSolutionNode = FALSE
	EndGlobalSection
	GlobalSection(ExtensibilityGlobals) = postSolution
		SolutionGuid = {292CB653-24AB-4DCE-B6AA-F7689E5D6E81}
	EndGlobalSection
EndGlobal
